
Microsoft Visual Studio Solution File, Format Version 12.00
# Visual Studio Version 17
VisualStudioVersion = 17.3.32811.315
MinimumVisualStudioVersion = 10.0.40219.1
Project("{FAE04EC0-301F-11D3-BF4B-00C04F79EFBC}") = "api-sistema-gestion", "api-sistema-gestion.csproj", "{C796F40E-3292-40D8-ACFF-FEC6F40BB827}"
EndProject
Global
	GlobalSection(SolutionConfigurationPlatforms) = preSolution
		Debug|Any CPU = Debug|Any CPU
		Release|Any CPU = Release|Any CPU
	EndGlobalSection
	GlobalSection(ProjectConfigurationPlatforms) = postSolution
		{C796F40E-3292-40D8-ACFF-FEC6F40BB827}.Debug|Any CPU.ActiveCfg = Debug|Any CPU
		{C796F40E-3292-40D8-ACFF-FEC6F40BB827}.Debug|Any CPU.Build.0 = Debug|Any CPU
		{C796F40E-3292-40D8-ACFF-FEC6F40BB827}.Release|Any CPU.ActiveCfg = Release|Any CPU
		{C796F40E-3292-40D8-ACFF-FEC6F40BB827}.Release|Any CPU.Build.0 = Release|Any CPU
	EndGlobalSection
	GlobalSection(SolutionProperties) = preSolution
		HideSolutionNode = FALSE
	EndGlobalSection
	GlobalSection(ExtensibilityGlobals) = postSolution
		SolutionGuid = {51E5A66C-7B85-456A-8A1D-BE13F1D19048}
	EndGlobalSection
EndGlobal
